
Microsoft Visual Studio Solution File, Format Version 12.00
# Visual Studio 15
Project("{FAE04EC0-301F-11D3-BF4B-00C04F79EFBC}") = "Assembly-CSharp", "Assembly-CSharp.csproj", "{2D053262-8263-713A-564D-DE295126C8C3}"
EndProject
Project("{FAE04EC0-301F-11D3-BF4B-00C04F79EFBC}") = "Assembly-CSharp-Editor", "Assembly-CSharp-Editor.csproj", "{666DC38F-71CA-6791-24AF-50553794495F}"
EndProject
Global
	GlobalSection(SolutionConfigurationPlatforms) = preSolution
		Debug|Any CPU = Debug|Any CPU
		Release|Any CPU = Release|Any CPU
	EndGlobalSection
	GlobalSection(ProjectConfigurationPlatforms) = postSolution
		{2D053262-8263-713A-564D-DE295126C8C3}.Debug|Any CPU.ActiveCfg = Debug|Any CPU
		{2D053262-8263-713A-564D-DE295126C8C3}.Debug|Any CPU.Build.0 = Debug|Any CPU
		{2D053262-8263-713A-564D-DE295126C8C3}.Release|Any CPU.ActiveCfg = Release|Any CPU
		{2D053262-8263-713A-564D-DE295126C8C3}.Release|Any CPU.Build.0 = Release|Any CPU
		{666DC38F-71CA-6791-24AF-50553794495F}.Debug|Any CPU.ActiveCfg = Debug|Any CPU
		{666DC38F-71CA-6791-24AF-50553794495F}.Debug|Any CPU.Build.0 = Debug|Any CPU
		{666DC38F-71CA-6791-24AF-50553794495F}.Release|Any CPU.ActiveCfg = Release|Any CPU
		{666DC38F-71CA-6791-24AF-50553794495F}.Release|Any CPU.Build.0 = Release|Any CPU
	EndGlobalSection
	GlobalSection(SolutionProperties) = preSolution
		HideSolutionNode = FALSE
	EndGlobalSection
EndGlobal
